
Microsoft Visual Studio Solution File, Format Version 12.00
Project("{FAE04EC0-301F-11D3-BF4B-00C04F79EFBC}") = "ServerWeb", "ServerWeb\ServerWeb.csproj", "{41A57981-413C-4C34-9AB5-A5445E7D17FA}"
EndProject
Project("{FAE04EC0-301F-11D3-BF4B-00C04F79EFBC}") = "DataBaseService", "DataBaseService\DataBaseService.csproj", "{A7A82EE0-F945-41E9-BC46-6A4C398F11CF}"
EndProject
Project("{FAE04EC0-301F-11D3-BF4B-00C04F79EFBC}") = "ServerCore", "ServerCore\ServerCore.csproj", "{F6423D45-ED59-4292-AE14-8B498986FC0A}"
EndProject
Project("{FAE04EC0-301F-11D3-BF4B-00C04F79EFBC}") = "ServerApp", "ServerApp\ServerApp.csproj", "{C494323B-317F-4010-AF29-315D684EE30D}"
EndProject
Project("{FAE04EC0-301F-11D3-BF4B-00C04F79EFBC}") = "ServerWebCore", "ServerWebCore\ServerWebCore.csproj", "{EC23C8D8-4A46-4043-A37B-086CBCD29130}"
EndProject
Project("{2150E333-8FDC-42A3-9474-1A3956D46DE8}") = "Solution Items", "Solution Items", "{634BE0AE-C7E8-43A0-BBB6-40DFD1384B05}"
	ProjectSection(SolutionItems) = preProject
		docker-compose.yml = docker-compose.yml
	EndProjectSection
EndProject
Global
	GlobalSection(SolutionConfigurationPlatforms) = preSolution
		Debug|Any CPU = Debug|Any CPU
		Release|Any CPU = Release|Any CPU
	EndGlobalSection
	GlobalSection(ProjectConfigurationPlatforms) = postSolution
		{41A57981-413C-4C34-9AB5-A5445E7D17FA}.Debug|Any CPU.ActiveCfg = Debug|Any CPU
		{41A57981-413C-4C34-9AB5-A5445E7D17FA}.Debug|Any CPU.Build.0 = Debug|Any CPU
		{41A57981-413C-4C34-9AB5-A5445E7D17FA}.Release|Any CPU.ActiveCfg = Release|Any CPU
		{41A57981-413C-4C34-9AB5-A5445E7D17FA}.Release|Any CPU.Build.0 = Release|Any CPU
		{A7A82EE0-F945-41E9-BC46-6A4C398F11CF}.Debug|Any CPU.ActiveCfg = Debug|Any CPU
		{A7A82EE0-F945-41E9-BC46-6A4C398F11CF}.Debug|Any CPU.Build.0 = Debug|Any CPU
		{A7A82EE0-F945-41E9-BC46-6A4C398F11CF}.Release|Any CPU.ActiveCfg = Release|Any CPU
		{A7A82EE0-F945-41E9-BC46-6A4C398F11CF}.Release|Any CPU.Build.0 = Release|Any CPU
		{F6423D45-ED59-4292-AE14-8B498986FC0A}.Debug|Any CPU.ActiveCfg = Debug|Any CPU
		{F6423D45-ED59-4292-AE14-8B498986FC0A}.Debug|Any CPU.Build.0 = Debug|Any CPU
		{F6423D45-ED59-4292-AE14-8B498986FC0A}.Release|Any CPU.ActiveCfg = Release|Any CPU
		{F6423D45-ED59-4292-AE14-8B498986FC0A}.Release|Any CPU.Build.0 = Release|Any CPU
		{C494323B-317F-4010-AF29-315D684EE30D}.Debug|Any CPU.ActiveCfg = Debug|Any CPU
		{C494323B-317F-4010-AF29-315D684EE30D}.Debug|Any CPU.Build.0 = Debug|Any CPU
		{C494323B-317F-4010-AF29-315D684EE30D}.Release|Any CPU.ActiveCfg = Release|Any CPU
		{C494323B-317F-4010-AF29-315D684EE30D}.Release|Any CPU.Build.0 = Release|Any CPU
		{EC23C8D8-4A46-4043-A37B-086CBCD29130}.Debug|Any CPU.ActiveCfg = Debug|Any CPU
		{EC23C8D8-4A46-4043-A37B-086CBCD29130}.Debug|Any CPU.Build.0 = Debug|Any CPU
		{EC23C8D8-4A46-4043-A37B-086CBCD29130}.Release|Any CPU.ActiveCfg = Release|Any CPU
		{EC23C8D8-4A46-4043-A37B-086CBCD29130}.Release|Any CPU.Build.0 = Release|Any CPU
	EndGlobalSection
EndGlobal
